
Microsoft Visual Studio Solution File, Format Version 12.00
# Visual Studio Version 17
VisualStudioVersion = 17.0.31903.59
MinimumVisualStudioVersion = 10.0.40219.1
Project("{2150E333-8FDC-42A3-9474-1A3956D46DE8}") = "src", "src", "{827E0CD3-B72D-47B6-A68D-7590B98EB39B}"
EndProject
Project("{FAE04EC0-301F-11D3-BF4B-00C04F79EFBC}") = "WhisperSubtitleGenerator.Core", "src\WhisperSubtitleGenerator.Core\WhisperSubtitleGenerator.Core.csproj", "{FC1258A2-4EFF-41BB-B91D-BB415D926C3C}"
EndProject
Project("{FAE04EC0-301F-11D3-BF4B-00C04F79EFBC}") = "WhisperSubtitleGenerator.App", "src\WhisperSubtitleGenerator.App\WhisperSubtitleGenerator.App.csproj", "{58029E87-F5CE-4EB7-B9EA-FD2612058E31}"
EndProject
Project("{2150E333-8FDC-42A3-9474-1A3956D46DE8}") = "tests", "tests", "{0AB3BF05-4346-4AA6-1389-037BE0695223}"
EndProject
Project("{FAE04EC0-301F-11D3-BF4B-00C04F79EFBC}") = "WhisperSubtitleGenerator.Tests", "tests\WhisperSubtitleGenerator.Tests\WhisperSubtitleGenerator.Tests.csproj", "{939FEDCC-EF6F-4D1E-AE37-7733D65E819F}"
EndProject
Global
	GlobalSection(SolutionConfigurationPlatforms) = preSolution
		Debug|Any CPU = Debug|Any CPU
		Debug|x64 = Debug|x64
		Debug|x86 = Debug|x86
		Release|Any CPU = Release|Any CPU
		Release|x64 = Release|x64
		Release|x86 = Release|x86
	EndGlobalSection
	GlobalSection(ProjectConfigurationPlatforms) = postSolution
		{FC1258A2-4EFF-41BB-B91D-BB415D926C3C}.Debug|Any CPU.ActiveCfg = Debug|Any CPU
		{FC1258A2-4EFF-41BB-B91D-BB415D926C3C}.Debug|Any CPU.Build.0 = Debug|Any CPU
		{FC1258A2-4EFF-41BB-B91D-BB415D926C3C}.Debug|x64.ActiveCfg = Debug|Any CPU
		{FC1258A2-4EFF-41BB-B91D-BB415D926C3C}.Debug|x64.Build.0 = Debug|Any CPU
		{FC1258A2-4EFF-41BB-B91D-BB415D926C3C}.Debug|x86.ActiveCfg = Debug|Any CPU
		{FC1258A2-4EFF-41BB-B91D-BB415D926C3C}.Debug|x86.Build.0 = Debug|Any CPU
		{FC1258A2-4EFF-41BB-B91D-BB415D926C3C}.Release|Any CPU.ActiveCfg = Release|Any CPU
		{FC1258A2-4EFF-41BB-B91D-BB415D926C3C}.Release|Any CPU.Build.0 = Release|Any CPU
		{FC1258A2-4EFF-41BB-B91D-BB415D926C3C}.Release|x64.ActiveCfg = Release|Any CPU
		{FC1258A2-4EFF-41BB-B91D-BB415D926C3C}.Release|x64.Build.0 = Release|Any CPU
		{FC1258A2-4EFF-41BB-B91D-BB415D926C3C}.Release|x86.ActiveCfg = Release|Any CPU
		{FC1258A2-4EFF-41BB-B91D-BB415D926C3C}.Release|x86.Build.0 = Release|Any CPU
		{58029E87-F5CE-4EB7-B9EA-FD2612058E31}.Debug|Any CPU.ActiveCfg = Debug|Any CPU
		{58029E87-F5CE-4EB7-B9EA-FD2612058E31}.Debug|Any CPU.Build.0 = Debug|Any CPU
		{58029E87-F5CE-4EB7-B9EA-FD2612058E31}.Debug|x64.ActiveCfg = Debug|Any CPU
		{58029E87-F5CE-4EB7-B9EA-FD2612058E31}.Debug|x64.Build.0 = Debug|Any CPU
		{58029E87-F5CE-4EB7-B9EA-FD2612058E31}.Debug|x86.ActiveCfg = Debug|Any CPU
		{58029E87-F5CE-4EB7-B9EA-FD2612058E31}.Debug|x86.Build.0 = Debug|Any CPU
		{58029E87-F5CE-4EB7-B9EA-FD2612058E31}.Release|Any CPU.ActiveCfg = Release|Any CPU
		{58029E87-F5CE-4EB7-B9EA-FD2612058E31}.Release|Any CPU.Build.0 = Release|Any CPU
		{58029E87-F5CE-4EB7-B9EA-FD2612058E31}.Release|x64.ActiveCfg = Release|Any CPU
		{58029E87-F5CE-4EB7-B9EA-FD2612058E31}.Release|x64.Build.0 = Release|Any CPU
		{58029E87-F5CE-4EB7-B9EA-FD2612058E31}.Release|x86.ActiveCfg = Release|Any CPU
		{58029E87-F5CE-4EB7-B9EA-FD2612058E31}.Release|x86.Build.0 = Release|Any CPU
		{939FEDCC-EF6F-4D1E-AE37-7733D65E819F}.Debug|Any CPU.ActiveCfg = Debug|Any CPU
		{939FEDCC-EF6F-4D1E-AE37-7733D65E819F}.Debug|Any CPU.Build.0 = Debug|Any CPU
		{939FEDCC-EF6F-4D1E-AE37-7733D65E819F}.Debug|x64.ActiveCfg = Debug|Any CPU
		{939FEDCC-EF6F-4D1E-AE37-7733D65E819F}.Debug|x64.Build.0 = Debug|Any CPU
		{939FEDCC-EF6F-4D1E-AE37-7733D65E819F}.Debug|x86.ActiveCfg = Debug|Any CPU
		{939FEDCC-EF6F-4D1E-AE37-7733D65E819F}.Debug|x86.Build.0 = Debug|Any CPU
		{939FEDCC-EF6F-4D1E-AE37-7733D65E819F}.Release|Any CPU.ActiveCfg = Release|Any CPU
		{939FEDCC-EF6F-4D1E-AE37-7733D65E819F}.Release|Any CPU.Build.0 = Release|Any CPU
		{939FEDCC-EF6F-4D1E-AE37-7733D65E819F}.Release|x64.ActiveCfg = Release|Any CPU
		{939FEDCC-EF6F-4D1E-AE37-7733D65E819F}.Release|x64.Build.0 = Release|Any CPU
		{939FEDCC-EF6F-4D1E-AE37-7733D65E819F}.Release|x86.ActiveCfg = Release|Any CPU
		{939FEDCC-EF6F-4D1E-AE37-7733D65E819F}.Release|x86.Build.0 = Release|Any CPU
	EndGlobalSection
	GlobalSection(SolutionProperties) = preSolution
		HideSolutionNode = FALSE
	EndGlobalSection
	GlobalSection(NestedProjects) = preSolution
		{FC1258A2-4EFF-41BB-B91D-BB415D926C3C} = {827E0CD3-B72D-47B6-A68D-7590B98EB39B}
		{58029E87-F5CE-4EB7-B9EA-FD2612058E31} = {827E0CD3-B72D-47B6-A68D-7590B98EB39B}
		{939FEDCC-EF6F-4D1E-AE37-7733D65E819F} = {0AB3BF05-4346-4AA6-1389-037BE0695223}
	EndGlobalSection
EndGlobal
